
Microsoft Visual Studio Solution File, Format Version 12.00
# Visual Studio Version 16
VisualStudioVersion = 16.0.29215.179
MinimumVisualStudioVersion = 10.0.40219.1
Project("{FAE04EC0-301F-11D3-BF4B-00C04F79EFBC}") = "Deliverable2", "Deliverable2\Deliverable2.csproj", "{EDBB1CC9-C8A9-479B-AEE2-172493D0437F}"
EndProject
Global
	GlobalSection(SolutionConfigurationPlatforms) = preSolution
		Debug|Any CPU = Debug|Any CPU
		Release|Any CPU = Release|Any CPU
	EndGlobalSection
	GlobalSection(ProjectConfigurationPlatforms) = postSolution
		{EDBB1CC9-C8A9-479B-AEE2-172493D0437F}.Debug|Any CPU.ActiveCfg = Debug|Any CPU
		{EDBB1CC9-C8A9-479B-AEE2-172493D0437F}.Debug|Any CPU.Build.0 = Debug|Any CPU
		{EDBB1CC9-C8A9-479B-AEE2-172493D0437F}.Release|Any CPU.ActiveCfg = Release|Any CPU
		{EDBB1CC9-C8A9-479B-AEE2-172493D0437F}.Release|Any CPU.Build.0 = Release|Any CPU
	EndGlobalSection
	GlobalSection(SolutionProperties) = preSolution
		HideSolutionNode = FALSE
	EndGlobalSection
	GlobalSection(ExtensibilityGlobals) = postSolution
		SolutionGuid = {680FC004-903C-4F03-82CF-988FC576A3D7}
	EndGlobalSection
EndGlobal
